// !$*UTF8*$!
{
	archiveVersion = 1;
	classes = {
	};
	objectVersion = 50;
	objects = {

/* Begin PBXBuildFile section */
		5102D88B2C43E6DE0016E5B1 /* UserDetailView.xib in Resources */ = {isa = PBXBuildFile; fileRef = 5102D88A2C43E6DE0016E5B1 /* UserDetailView.xib */; };
		5102D88D2C43EE230016E5B1 /* UserName.swift in Sources */ = {isa = PBXBuildFile; fileRef = 5102D88C2C43EE230016E5B1 /* UserName.swift */; };
		5102D88F2C43EE450016E5B1 /* UserLocation.swift in Sources */ = {isa = PBXBuildFile; fileRef = 5102D88E2C43EE450016E5B1 /* UserLocation.swift */; };
		5102D8912C43EE6C0016E5B1 /* UserStreet.swift in Sources */ = {isa = PBXBuildFile; fileRef = 5102D8902C43EE6C0016E5B1 /* UserStreet.swift */; };
		5102D8932C43EE850016E5B1 /* UserCoordinates.swift in Sources */ = {isa = PBXBuildFile; fileRef = 5102D8922C43EE850016E5B1 /* UserCoordinates.swift */; };
		5102D8952C43EE9B0016E5B1 /* UserTimezone.swift in Sources */ = {isa = PBXBuildFile; fileRef = 5102D8942C43EE9B0016E5B1 /* UserTimezone.swift */; };
		5102D8972C43EEB70016E5B1 /* UserLoginData.swift in Sources */ = {isa = PBXBuildFile; fileRef = 5102D8962C43EEB70016E5B1 /* UserLoginData.swift */; };
		5102D8992C43EEC60016E5B1 /* Dob.swift in Sources */ = {isa = PBXBuildFile; fileRef = 5102D8982C43EEC60016E5B1 /* Dob.swift */; };
		5102D89B2C43EEDB0016E5B1 /* Registered.swift in Sources */ = {isa = PBXBuildFile; fileRef = 5102D89A2C43EEDB0016E5B1 /* Registered.swift */; };
		5102D89D2C43EEF80016E5B1 /* UserId.swift in Sources */ = {isa = PBXBuildFile; fileRef = 5102D89C2C43EEF80016E5B1 /* UserId.swift */; };
		5102D89F2C43EF0E0016E5B1 /* UserPicture.swift in Sources */ = {isa = PBXBuildFile; fileRef = 5102D89E2C43EF0E0016E5B1 /* UserPicture.swift */; };
		5102D8A12C43EF2D0016E5B1 /* UserInfo.swift in Sources */ = {isa = PBXBuildFile; fileRef = 5102D8A02C43EF2D0016E5B1 /* UserInfo.swift */; };
		5102D8A32C43EF410016E5B1 /* RandmoUserList.swift in Sources */ = {isa = PBXBuildFile; fileRef = 5102D8A22C43EF410016E5B1 /* RandmoUserList.swift */; };
		510AADC42C44E77F00DACF34 /* RandomUserListView.swift in Sources */ = {isa = PBXBuildFile; fileRef = 510AADC32C44E77F00DACF34 /* RandomUserListView.swift */; };
		510AADC62C44E78800DACF34 /* RandomUserListView.xib in Resources */ = {isa = PBXBuildFile; fileRef = 510AADC52C44E78800DACF34 /* RandomUserListView.xib */; };
		5111BB172D53387100041296 /* ChatRoomViewController.swift in Sources */ = {isa = PBXBuildFile; fileRef = 5111BB162D53387100041296 /* ChatRoomViewController.swift */; };
		5111BB1A2D5338BB00041296 /* ChatRoomView.swift in Sources */ = {isa = PBXBuildFile; fileRef = 5111BB192D5338BB00041296 /* ChatRoomView.swift */; };
		5111BB1C2D533A8300041296 /* ChatRoomView.xib in Resources */ = {isa = PBXBuildFile; fileRef = 5111BB1B2D533A8300041296 /* ChatRoomView.xib */; };
		5111BB1F2D53438300041296 /* ChatRoomViewModel.swift in Sources */ = {isa = PBXBuildFile; fileRef = 5111BB1E2D53438300041296 /* ChatRoomViewModel.swift */; };
		51179F252C43CF1700A3B773 /* AppError.swift in Sources */ = {isa = PBXBuildFile; fileRef = 51179F242C43CF1700A3B773 /* AppError.swift */; };
		51179F272C43D16600A3B773 /* RandomUserApi.swift in Sources */ = {isa = PBXBuildFile; fileRef = 51179F262C43D16600A3B773 /* RandomUserApi.swift */; };
		51179F2A2C43D6B700A3B773 /* ArrayExtension.swift in Sources */ = {isa = PBXBuildFile; fileRef = 51179F292C43D6B700A3B773 /* ArrayExtension.swift */; };
		51179F322C43DAB000A3B773 /* CircleIndicator.swift in Sources */ = {isa = PBXBuildFile; fileRef = 51179F312C43DAB000A3B773 /* CircleIndicator.swift */; };
		5131BE062D50980F00B60B3F /* RandomUserSideMenuViewModel.swift in Sources */ = {isa = PBXBuildFile; fileRef = 5131BE052D50980F00B60B3F /* RandomUserSideMenuViewModel.swift */; };
		5131BE092D50AEB100B60B3F /* SideMenuModel.swift in Sources */ = {isa = PBXBuildFile; fileRef = 5131BE082D50AEB100B60B3F /* SideMenuModel.swift */; };
		5135CF762D5EE7AF0062E2C0 /* BezierCurvesViewController.swift in Sources */ = {isa = PBXBuildFile; fileRef = 5135CF752D5EE7AF0062E2C0 /* BezierCurvesViewController.swift */; };
		5135CF792D5F19520062E2C0 /* BezierCurvesView.swift in Sources */ = {isa = PBXBuildFile; fileRef = 5135CF782D5F19520062E2C0 /* BezierCurvesView.swift */; };
		5135CF7B2D5F19590062E2C0 /* BezierCurvesView.xib in Resources */ = {isa = PBXBuildFile; fileRef = 5135CF7A2D5F19590062E2C0 /* BezierCurvesView.xib */; };
		513AC3012D62D668006F6EF8 /* ChatItem.swift in Sources */ = {isa = PBXBuildFile; fileRef = 513AC3002D62D668006F6EF8 /* ChatItem.swift */; };
		513AC3032D62D6DD006F6EF8 /* DateExtension.swift in Sources */ = {isa = PBXBuildFile; fileRef = 513AC3022D62D6DD006F6EF8 /* DateExtension.swift */; };
		513AC3062D631590006F6EF8 /* ToDoListView.swift in Sources */ = {isa = PBXBuildFile; fileRef = 513AC3052D631590006F6EF8 /* ToDoListView.swift */; };
		513AC3082D6315C0006F6EF8 /* TodoItem.swift in Sources */ = {isa = PBXBuildFile; fileRef = 513AC3072D6315C0006F6EF8 /* TodoItem.swift */; };
		513AC30A2D6315EA006F6EF8 /* TodoViewModel.swift in Sources */ = {isa = PBXBuildFile; fileRef = 513AC3092D6315EA006F6EF8 /* TodoViewModel.swift */; };
		513AC30C2D631DC1006F6EF8 /* ToDoListViewController.swift in Sources */ = {isa = PBXBuildFile; fileRef = 513AC30B2D631DC1006F6EF8 /* ToDoListViewController.swift */; };
		513AC30E2D63433B006F6EF8 /* SwiftUIRandomUserViewModel.swift in Sources */ = {isa = PBXBuildFile; fileRef = 513AC30D2D63433B006F6EF8 /* SwiftUIRandomUserViewModel.swift */; };
		513AC3102D63468D006F6EF8 /* RandomUserSwiftUIVersionViewController.swift in Sources */ = {isa = PBXBuildFile; fileRef = 513AC30F2D63468D006F6EF8 /* RandomUserSwiftUIVersionViewController.swift */; };
		513AC3122D6346B0006F6EF8 /* ColorExtension.swift in Sources */ = {isa = PBXBuildFile; fileRef = 513AC3112D6346B0006F6EF8 /* ColorExtension.swift */; };
		513AC3142D6346DA006F6EF8 /* RandomUserSwiftUIView.swift in Sources */ = {isa = PBXBuildFile; fileRef = 513AC3132D6346DA006F6EF8 /* RandomUserSwiftUIView.swift */; };
		513AC3172D65C8D2006F6EF8 /* RandomUserSwiftUICellView.swift in Sources */ = {isa = PBXBuildFile; fileRef = 513AC3162D65C8D2006F6EF8 /* RandomUserSwiftUICellView.swift */; };
		513AC3192D76A1B5006F6EF8 /* CellModifier.swift in Sources */ = {isa = PBXBuildFile; fileRef = 513AC3182D76A1B5006F6EF8 /* CellModifier.swift */; };
		513AC31B2D76A1DE006F6EF8 /* CustomNavigationView.swift in Sources */ = {isa = PBXBuildFile; fileRef = 513AC31A2D76A1DE006F6EF8 /* CustomNavigationView.swift */; };
		513F8AFE2C43E68F00AB14D7 /* UserDetailView.swift in Sources */ = {isa = PBXBuildFile; fileRef = 513F8AFD2C43E68F00AB14D7 /* UserDetailView.swift */; };
		5147B4262D360DB6007A9C82 /* RandomUserSideMenuView.swift in Sources */ = {isa = PBXBuildFile; fileRef = 5147B4252D360DB6007A9C82 /* RandomUserSideMenuView.swift */; };
		5147B42C2D3616BC007A9C82 /* RandomUserSideMenuView.xib in Resources */ = {isa = PBXBuildFile; fileRef = 5147B42B2D3616BC007A9C82 /* RandomUserSideMenuView.xib */; };
		5147B42E2D361945007A9C82 /* RandomUserSideMenuViewController.swift in Sources */ = {isa = PBXBuildFile; fileRef = 5147B42D2D361945007A9C82 /* RandomUserSideMenuViewController.swift */; };
		51AE7BEB2C4A1AC900EADC17 /* InteractionSubscription.swift in Sources */ = {isa = PBXBuildFile; fileRef = 51AE7BEA2C4A1AC800EADC17 /* InteractionSubscription.swift */; };
		51AE7BED2C4A2C5C00EADC17 /* MapHelper.swift in Sources */ = {isa = PBXBuildFile; fileRef = 51AE7BEC2C4A2C5C00EADC17 /* MapHelper.swift */; };
		51CDDC252C4919C0005FFFCC /* UIViewExtension.swift in Sources */ = {isa = PBXBuildFile; fileRef = 51CDDC242C4919C0005FFFCC /* UIViewExtension.swift */; };
		51CDDC272C491BF2005FFFCC /* BaseViewController.swift in Sources */ = {isa = PBXBuildFile; fileRef = 51CDDC262C491BF2005FFFCC /* BaseViewController.swift */; };
		D29EF554274B999E009AFA0D /* RandomUserViewModel.swift in Sources */ = {isa = PBXBuildFile; fileRef = D29EF553274B999E009AFA0D /* RandomUserViewModel.swift */; };
		D29EF556274B9E8D009AFA0D /* Repositery.swift in Sources */ = {isa = PBXBuildFile; fileRef = D29EF555274B9E8D009AFA0D /* Repositery.swift */; };
		D2A09A072715321800C9AD2A /* ImageDownloadHandler.swift in Sources */ = {isa = PBXBuildFile; fileRef = D2A09A062715321800C9AD2A /* ImageDownloadHandler.swift */; };
		D2AA5A90270FF26B00D9E059 /* AppDelegate.swift in Sources */ = {isa = PBXBuildFile; fileRef = D2AA5A8F270FF26B00D9E059 /* AppDelegate.swift */; };
		D2AA5A92270FF26B00D9E059 /* SceneDelegate.swift in Sources */ = {isa = PBXBuildFile; fileRef = D2AA5A91270FF26B00D9E059 /* SceneDelegate.swift */; };
		D2AA5A94270FF26B00D9E059 /* RandomUserListViewController.swift in Sources */ = {isa = PBXBuildFile; fileRef = D2AA5A93270FF26B00D9E059 /* RandomUserListViewController.swift */; };
		D2AA5A97270FF26B00D9E059 /* Main.storyboard in Resources */ = {isa = PBXBuildFile; fileRef = D2AA5A95270FF26B00D9E059 /* Main.storyboard */; };
		D2AA5A99270FF26C00D9E059 /* Assets.xcassets in Resources */ = {isa = PBXBuildFile; fileRef = D2AA5A98270FF26C00D9E059 /* Assets.xcassets */; };
		D2AA5A9C270FF26C00D9E059 /* LaunchScreen.storyboard in Resources */ = {isa = PBXBuildFile; fileRef = D2AA5A9A270FF26C00D9E059 /* LaunchScreen.storyboard */; };
		D2AA5AA7270FF26C00D9E059 /* SwiftCombineTests.swift in Sources */ = {isa = PBXBuildFile; fileRef = D2AA5AA6270FF26C00D9E059 /* SwiftCombineTests.swift */; };
		D2AA5AB2270FF26C00D9E059 /* SwiftCombineUITests.swift in Sources */ = {isa = PBXBuildFile; fileRef = D2AA5AB1270FF26C00D9E059 /* SwiftCombineUITests.swift */; };
		D2AA5AC1270FF2DD00D9E059 /* ApiLoader.swift in Sources */ = {isa = PBXBuildFile; fileRef = D2AA5AC0270FF2DD00D9E059 /* ApiLoader.swift */; };
		D2AA5ACE27103BFE00D9E059 /* RandomUser.swift in Sources */ = {isa = PBXBuildFile; fileRef = D2AA5ACD27103BFE00D9E059 /* RandomUser.swift */; };
		D2AA5AD02710400900D9E059 /* URLTaskDefinition.swift in Sources */ = {isa = PBXBuildFile; fileRef = D2AA5ACF2710400900D9E059 /* URLTaskDefinition.swift */; };
		D2AA5AD2271041FB00D9E059 /* RandomUserRoute.swift in Sources */ = {isa = PBXBuildFile; fileRef = D2AA5AD1271041FB00D9E059 /* RandomUserRoute.swift */; };
		D2AA5AD6271049BE00D9E059 /* UserCell.swift in Sources */ = {isa = PBXBuildFile; fileRef = D2AA5AD4271049BE00D9E059 /* UserCell.swift */; };
		D2AA5AD7271049BE00D9E059 /* UserCell.xib in Resources */ = {isa = PBXBuildFile; fileRef = D2AA5AD5271049BE00D9E059 /* UserCell.xib */; };
/* End PBXBuildFile section */

/* Begin PBXContainerItemProxy section */
		D2AA5AA3270FF26C00D9E059 /* PBXContainerItemProxy */ = {
			isa = PBXContainerItemProxy;
			containerPortal = D2AA5A84270FF26B00D9E059 /* Project object */;
			proxyType = 1;
			remoteGlobalIDString = D2AA5A8B270FF26B00D9E059;
			remoteInfo = SwiftCombine;
		};
		D2AA5AAE270FF26C00D9E059 /* PBXContainerItemProxy */ = {
			isa = PBXContainerItemProxy;
			containerPortal = D2AA5A84270FF26B00D9E059 /* Project object */;
			proxyType = 1;
			remoteGlobalIDString = D2AA5A8B270FF26B00D9E059;
			remoteInfo = SwiftCombine;
		};
/* End PBXContainerItemProxy section */

/* Begin PBXFileReference section */
		5102D88A2C43E6DE0016E5B1 /* UserDetailView.xib */ = {isa = PBXFileReference; lastKnownFileType = file.xib; path = UserDetailView.xib; sourceTree = "<group>"; };
		5102D88C2C43EE230016E5B1 /* UserName.swift */ = {isa = PBXFileReference; lastKnownFileType = sourcecode.swift; path = UserName.swift; sourceTree = "<group>"; };
		5102D88E2C43EE450016E5B1 /* UserLocation.swift */ = {isa = PBXFileReference; lastKnownFileType = sourcecode.swift; path = UserLocation.swift; sourceTree = "<group>"; };
		5102D8902C43EE6C0016E5B1 /* UserStreet.swift */ = {isa = PBXFileReference; lastKnownFileType = sourcecode.swift; path = UserStreet.swift; sourceTree = "<group>"; };
		5102D8922C43EE850016E5B1 /* UserCoordinates.swift */ = {isa = PBXFileReference; lastKnownFileType = sourcecode.swift; path = UserCoordinates.swift; sourceTree = "<group>"; };
		5102D8942C43EE9B0016E5B1 /* UserTimezone.swift */ = {isa = PBXFileReference; lastKnownFileType = sourcecode.swift; path = UserTimezone.swift; sourceTree = "<group>"; };
		5102D8962C43EEB70016E5B1 /* UserLoginData.swift */ = {isa = PBXFileReference; lastKnownFileType = sourcecode.swift; path = UserLoginData.swift; sourceTree = "<group>"; };
		5102D8982C43EEC60016E5B1 /* Dob.swift */ = {isa = PBXFileReference; lastKnownFileType = sourcecode.swift; path = Dob.swift; sourceTree = "<group>"; };
		5102D89A2C43EEDB0016E5B1 /* Registered.swift */ = {isa = PBXFileReference; lastKnownFileType = sourcecode.swift; path = Registered.swift; sourceTree = "<group>"; };
		5102D89C2C43EEF80016E5B1 /* UserId.swift */ = {isa = PBXFileReference; lastKnownFileType = sourcecode.swift; path = UserId.swift; sourceTree = "<group>"; };
		5102D89E2C43EF0E0016E5B1 /* UserPicture.swift */ = {isa = PBXFileReference; lastKnownFileType = sourcecode.swift; path = UserPicture.swift; sourceTree = "<group>"; };
		5102D8A02C43EF2D0016E5B1 /* UserInfo.swift */ = {isa = PBXFileReference; lastKnownFileType = sourcecode.swift; path = UserInfo.swift; sourceTree = "<group>"; };
		5102D8A22C43EF410016E5B1 /* RandmoUserList.swift */ = {isa = PBXFileReference; lastKnownFileType = sourcecode.swift; path = RandmoUserList.swift; sourceTree = "<group>"; };
		510AADC32C44E77F00DACF34 /* RandomUserListView.swift */ = {isa = PBXFileReference; lastKnownFileType = sourcecode.swift; path = RandomUserListView.swift; sourceTree = "<group>"; };
		510AADC52C44E78800DACF34 /* RandomUserListView.xib */ = {isa = PBXFileReference; lastKnownFileType = file.xib; path = RandomUserListView.xib; sourceTree = "<group>"; };
		5111BB162D53387100041296 /* ChatRoomViewController.swift */ = {isa = PBXFileReference; lastKnownFileType = sourcecode.swift; path = ChatRoomViewController.swift; sourceTree = "<group>"; };
		5111BB192D5338BB00041296 /* ChatRoomView.swift */ = {isa = PBXFileReference; lastKnownFileType = sourcecode.swift; path = ChatRoomView.swift; sourceTree = "<group>"; };
		5111BB1B2D533A8300041296 /* ChatRoomView.xib */ = {isa = PBXFileReference; lastKnownFileType = file.xib; path = ChatRoomView.xib; sourceTree = "<group>"; };
		5111BB1E2D53438300041296 /* ChatRoomViewModel.swift */ = {isa = PBXFileReference; lastKnownFileType = sourcecode.swift; path = ChatRoomViewModel.swift; sourceTree = "<group>"; };
		51179F242C43CF1700A3B773 /* AppError.swift */ = {isa = PBXFileReference; lastKnownFileType = sourcecode.swift; path = AppError.swift; sourceTree = "<group>"; };
		51179F262C43D16600A3B773 /* RandomUserApi.swift */ = {isa = PBXFileReference; lastKnownFileType = sourcecode.swift; path = RandomUserApi.swift; sourceTree = "<group>"; };
		51179F292C43D6B700A3B773 /* ArrayExtension.swift */ = {isa = PBXFileReference; lastKnownFileType = sourcecode.swift; path = ArrayExtension.swift; sourceTree = "<group>"; };
		51179F312C43DAB000A3B773 /* CircleIndicator.swift */ = {isa = PBXFileReference; fileEncoding = 4; lastKnownFileType = sourcecode.swift; path = CircleIndicator.swift; sourceTree = "<group>"; };
		5131BE052D50980F00B60B3F /* RandomUserSideMenuViewModel.swift */ = {isa = PBXFileReference; lastKnownFileType = sourcecode.swift; path = RandomUserSideMenuViewModel.swift; sourceTree = "<group>"; };
		5131BE082D50AEB100B60B3F /* SideMenuModel.swift */ = {isa = PBXFileReference; lastKnownFileType = sourcecode.swift; path = SideMenuModel.swift; sourceTree = "<group>"; };
		5135CF752D5EE7AF0062E2C0 /* BezierCurvesViewController.swift */ = {isa = PBXFileReference; lastKnownFileType = sourcecode.swift; path = BezierCurvesViewController.swift; sourceTree = "<group>"; };
		5135CF782D5F19520062E2C0 /* BezierCurvesView.swift */ = {isa = PBXFileReference; lastKnownFileType = sourcecode.swift; path = BezierCurvesView.swift; sourceTree = "<group>"; };
		5135CF7A2D5F19590062E2C0 /* BezierCurvesView.xib */ = {isa = PBXFileReference; lastKnownFileType = file.xib; path = BezierCurvesView.xib; sourceTree = "<group>"; };
		513AC3002D62D668006F6EF8 /* ChatItem.swift */ = {isa = PBXFileReference; lastKnownFileType = sourcecode.swift; path = ChatItem.swift; sourceTree = "<group>"; };
		513AC3022D62D6DD006F6EF8 /* DateExtension.swift */ = {isa = PBXFileReference; lastKnownFileType = sourcecode.swift; path = DateExtension.swift; sourceTree = "<group>"; };
		513AC3052D631590006F6EF8 /* ToDoListView.swift */ = {isa = PBXFileReference; lastKnownFileType = sourcecode.swift; path = ToDoListView.swift; sourceTree = "<group>"; };
		513AC3072D6315C0006F6EF8 /* TodoItem.swift */ = {isa = PBXFileReference; lastKnownFileType = sourcecode.swift; path = TodoItem.swift; sourceTree = "<group>"; };
		513AC3092D6315EA006F6EF8 /* TodoViewModel.swift */ = {isa = PBXFileReference; lastKnownFileType = sourcecode.swift; path = TodoViewModel.swift; sourceTree = "<group>"; };
		513AC30B2D631DC1006F6EF8 /* ToDoListViewController.swift */ = {isa = PBXFileReference; lastKnownFileType = sourcecode.swift; path = ToDoListViewController.swift; sourceTree = "<group>"; };
		513AC30D2D63433B006F6EF8 /* SwiftUIRandomUserViewModel.swift */ = {isa = PBXFileReference; lastKnownFileType = sourcecode.swift; path = SwiftUIRandomUserViewModel.swift; sourceTree = "<group>"; };
		513AC30F2D63468D006F6EF8 /* RandomUserSwiftUIVersionViewController.swift */ = {isa = PBXFileReference; lastKnownFileType = sourcecode.swift; path = RandomUserSwiftUIVersionViewController.swift; sourceTree = "<group>"; };
		513AC3112D6346B0006F6EF8 /* ColorExtension.swift */ = {isa = PBXFileReference; lastKnownFileType = sourcecode.swift; path = ColorExtension.swift; sourceTree = "<group>"; };
		513AC3132D6346DA006F6EF8 /* RandomUserSwiftUIView.swift */ = {isa = PBXFileReference; lastKnownFileType = sourcecode.swift; path = RandomUserSwiftUIView.swift; sourceTree = "<group>"; };
		513AC3162D65C8D2006F6EF8 /* RandomUserSwiftUICellView.swift */ = {isa = PBXFileReference; lastKnownFileType = sourcecode.swift; path = RandomUserSwiftUICellView.swift; sourceTree = "<group>"; };
		513AC3182D76A1B5006F6EF8 /* CellModifier.swift */ = {isa = PBXFileReference; lastKnownFileType = sourcecode.swift; path = CellModifier.swift; sourceTree = "<group>"; };
		513AC31A2D76A1DE006F6EF8 /* CustomNavigationView.swift */ = {isa = PBXFileReference; lastKnownFileType = sourcecode.swift; path = CustomNavigationView.swift; sourceTree = "<group>"; };
		513F8AFD2C43E68F00AB14D7 /* UserDetailView.swift */ = {isa = PBXFileReference; lastKnownFileType = sourcecode.swift; path = UserDetailView.swift; sourceTree = "<group>"; };
		5147B4252D360DB6007A9C82 /* RandomUserSideMenuView.swift */ = {isa = PBXFileReference; lastKnownFileType = sourcecode.swift; path = RandomUserSideMenuView.swift; sourceTree = "<group>"; };
		5147B42B2D3616BC007A9C82 /* RandomUserSideMenuView.xib */ = {isa = PBXFileReference; lastKnownFileType = file.xib; path = RandomUserSideMenuView.xib; sourceTree = "<group>"; };
		5147B42D2D361945007A9C82 /* RandomUserSideMenuViewController.swift */ = {isa = PBXFileReference; lastKnownFileType = sourcecode.swift; path = RandomUserSideMenuViewController.swift; sourceTree = "<group>"; };
		51AE7BEA2C4A1AC800EADC17 /* InteractionSubscription.swift */ = {isa = PBXFileReference; fileEncoding = 4; lastKnownFileType = sourcecode.swift; path = InteractionSubscription.swift; sourceTree = "<group>"; };
		51AE7BEC2C4A2C5C00EADC17 /* MapHelper.swift */ = {isa = PBXFileReference; lastKnownFileType = sourcecode.swift; path = MapHelper.swift; sourceTree = "<group>"; };
		51CDDC242C4919C0005FFFCC /* UIViewExtension.swift */ = {isa = PBXFileReference; lastKnownFileType = sourcecode.swift; path = UIViewExtension.swift; sourceTree = "<group>"; };
		51CDDC262C491BF2005FFFCC /* BaseViewController.swift */ = {isa = PBXFileReference; lastKnownFileType = sourcecode.swift; path = BaseViewController.swift; sourceTree = "<group>"; };
		D29EF553274B999E009AFA0D /* RandomUserViewModel.swift */ = {isa = PBXFileReference; lastKnownFileType = sourcecode.swift; path = RandomUserViewModel.swift; sourceTree = "<group>"; };
		D29EF555274B9E8D009AFA0D /* Repositery.swift */ = {isa = PBXFileReference; lastKnownFileType = sourcecode.swift; path = Repositery.swift; sourceTree = "<group>"; };
		D2A09A062715321800C9AD2A /* ImageDownloadHandler.swift */ = {isa = PBXFileReference; lastKnownFileType = sourcecode.swift; path = ImageDownloadHandler.swift; sourceTree = "<group>"; };
		D2AA5A8C270FF26B00D9E059 /* SwiftCombine.app */ = {isa = PBXFileReference; explicitFileType = wrapper.application; includeInIndex = 0; path = SwiftCombine.app; sourceTree = BUILT_PRODUCTS_DIR; };
		D2AA5A8F270FF26B00D9E059 /* AppDelegate.swift */ = {isa = PBXFileReference; lastKnownFileType = sourcecode.swift; path = AppDelegate.swift; sourceTree = "<group>"; };
		D2AA5A91270FF26B00D9E059 /* SceneDelegate.swift */ = {isa = PBXFileReference; lastKnownFileType = sourcecode.swift; path = SceneDelegate.swift; sourceTree = "<group>"; };
		D2AA5A93270FF26B00D9E059 /* RandomUserListViewController.swift */ = {isa = PBXFileReference; lastKnownFileType = sourcecode.swift; path = RandomUserListViewController.swift; sourceTree = "<group>"; };
		D2AA5A96270FF26B00D9E059 /* Base */ = {isa = PBXFileReference; lastKnownFileType = file.storyboard; name = Base; path = Base.lproj/Main.storyboard; sourceTree = "<group>"; };
		D2AA5A98270FF26C00D9E059 /* Assets.xcassets */ = {isa = PBXFileReference; lastKnownFileType = folder.assetcatalog; path = Assets.xcassets; sourceTree = "<group>"; };
		D2AA5A9B270FF26C00D9E059 /* Base */ = {isa = PBXFileReference; lastKnownFileType = file.storyboard; name = Base; path = Base.lproj/LaunchScreen.storyboard; sourceTree = "<group>"; };
		D2AA5A9D270FF26C00D9E059 /* Info.plist */ = {isa = PBXFileReference; lastKnownFileType = text.plist.xml; path = Info.plist; sourceTree = "<group>"; };
		D2AA5AA2270FF26C00D9E059 /* SwiftCombineTests.xctest */ = {isa = PBXFileReference; explicitFileType = wrapper.cfbundle; includeInIndex = 0; path = SwiftCombineTests.xctest; sourceTree = BUILT_PRODUCTS_DIR; };
		D2AA5AA6270FF26C00D9E059 /* SwiftCombineTests.swift */ = {isa = PBXFileReference; lastKnownFileType = sourcecode.swift; path = SwiftCombineTests.swift; sourceTree = "<group>"; };
		D2AA5AA8270FF26C00D9E059 /* Info.plist */ = {isa = PBXFileReference; lastKnownFileType = text.plist.xml; path = Info.plist; sourceTree = "<group>"; };
		D2AA5AAD270FF26C00D9E059 /* SwiftCombineUITests.xctest */ = {isa = PBXFileReference; explicitFileType = wrapper.cfbundle; includeInIndex = 0; path = SwiftCombineUITests.xctest; sourceTree = BUILT_PRODUCTS_DIR; };
		D2AA5AB1270FF26C00D9E059 /* SwiftCombineUITests.swift */ = {isa = PBXFileReference; lastKnownFileType = sourcecode.swift; path = SwiftCombineUITests.swift; sourceTree = "<group>"; };
		D2AA5AB3270FF26C00D9E059 /* Info.plist */ = {isa = PBXFileReference; lastKnownFileType = text.plist.xml; path = Info.plist; sourceTree = "<group>"; };
		D2AA5AC0270FF2DD00D9E059 /* ApiLoader.swift */ = {isa = PBXFileReference; lastKnownFileType = sourcecode.swift; path = ApiLoader.swift; sourceTree = "<group>"; };
		D2AA5ACD27103BFE00D9E059 /* RandomUser.swift */ = {isa = PBXFileReference; lastKnownFileType = sourcecode.swift; path = RandomUser.swift; sourceTree = "<group>"; };
		D2AA5ACF2710400900D9E059 /* URLTaskDefinition.swift */ = {isa = PBXFileReference; fileEncoding = 4; lastKnownFileType = sourcecode.swift; path = URLTaskDefinition.swift; sourceTree = "<group>"; };
		D2AA5AD1271041FB00D9E059 /* RandomUserRoute.swift */ = {isa = PBXFileReference; lastKnownFileType = sourcecode.swift; path = RandomUserRoute.swift; sourceTree = "<group>"; };
		D2AA5AD4271049BE00D9E059 /* UserCell.swift */ = {isa = PBXFileReference; lastKnownFileType = sourcecode.swift; path = UserCell.swift; sourceTree = "<group>"; };
		D2AA5AD5271049BE00D9E059 /* UserCell.xib */ = {isa = PBXFileReference; lastKnownFileType = file.xib; path = UserCell.xib; sourceTree = "<group>"; };
/* End PBXFileReference section */

/* Begin PBXFrameworksBuildPhase section */
		D2AA5A89270FF26B00D9E059 /* Frameworks */ = {
			isa = PBXFrameworksBuildPhase;
			buildActionMask = 2147483647;
			files = (
			);
			runOnlyForDeploymentPostprocessing = 0;
		};
		D2AA5A9F270FF26C00D9E059 /* Frameworks */ = {
			isa = PBXFrameworksBuildPhase;
			buildActionMask = 2147483647;
			files = (
			);
			runOnlyForDeploymentPostprocessing = 0;
		};
		D2AA5AAA270FF26C00D9E059 /* Frameworks */ = {
			isa = PBXFrameworksBuildPhase;
			buildActionMask = 2147483647;
			files = (
			);
			runOnlyForDeploymentPostprocessing = 0;
		};
/* End PBXFrameworksBuildPhase section */

/* Begin PBXGroup section */
		5102D8A42C43EF520016E5B1 /* RandomUser */ = {
			isa = PBXGroup;
			children = (
				D2AA5AD1271041FB00D9E059 /* RandomUserRoute.swift */,
				D2AA5ACD27103BFE00D9E059 /* RandomUser.swift */,
				5102D8A22C43EF410016E5B1 /* RandmoUserList.swift */,
				5102D8A02C43EF2D0016E5B1 /* UserInfo.swift */,
				5102D89E2C43EF0E0016E5B1 /* UserPicture.swift */,
				5102D89C2C43EEF80016E5B1 /* UserId.swift */,
				5102D89A2C43EEDB0016E5B1 /* Registered.swift */,
				5102D8982C43EEC60016E5B1 /* Dob.swift */,
				5102D8962C43EEB70016E5B1 /* UserLoginData.swift */,
				5102D8942C43EE9B0016E5B1 /* UserTimezone.swift */,
				5102D8922C43EE850016E5B1 /* UserCoordinates.swift */,
				5102D8902C43EE6C0016E5B1 /* UserStreet.swift */,
				5102D88E2C43EE450016E5B1 /* UserLocation.swift */,
				5102D88C2C43EE230016E5B1 /* UserName.swift */,
			);
			path = RandomUser;
			sourceTree = "<group>";
		};
		510AADC22C44E76C00DACF34 /* RandomUserListView */ = {
			isa = PBXGroup;
			children = (
				510AADC32C44E77F00DACF34 /* RandomUserListView.swift */,
				510AADC52C44E78800DACF34 /* RandomUserListView.xib */,
			);
			path = RandomUserListView;
			sourceTree = "<group>";
		};
		5111BB182D53389700041296 /* ChatRoomView */ = {
			isa = PBXGroup;
			children = (
				5111BB192D5338BB00041296 /* ChatRoomView.swift */,
				5111BB1B2D533A8300041296 /* ChatRoomView.xib */,
			);
			path = ChatRoomView;
			sourceTree = "<group>";
		};
		5111BB1D2D53437000041296 /* ChatRoom */ = {
			isa = PBXGroup;
			children = (
				5111BB1E2D53438300041296 /* ChatRoomViewModel.swift */,
			);
			path = ChatRoom;
			sourceTree = "<group>";
		};
		51179F232C43BCB100A3B773 /* ViewControllers */ = {
			isa = PBXGroup;
			children = (
				51CDDC262C491BF2005FFFCC /* BaseViewController.swift */,
				D2AA5A93270FF26B00D9E059 /* RandomUserListViewController.swift */,
				5147B42D2D361945007A9C82 /* RandomUserSideMenuViewController.swift */,
				5111BB162D53387100041296 /* ChatRoomViewController.swift */,
				5135CF752D5EE7AF0062E2C0 /* BezierCurvesViewController.swift */,
				513AC30B2D631DC1006F6EF8 /* ToDoListViewController.swift */,
				513AC30F2D63468D006F6EF8 /* RandomUserSwiftUIVersionViewController.swift */,
			);
			path = ViewControllers;
			sourceTree = "<group>";
		};
		51179F282C43D6A700A3B773 /* Extensions */ = {
			isa = PBXGroup;
			children = (
				51179F292C43D6B700A3B773 /* ArrayExtension.swift */,
				51CDDC242C4919C0005FFFCC /* UIViewExtension.swift */,
				513AC3022D62D6DD006F6EF8 /* DateExtension.swift */,
				513AC3112D6346B0006F6EF8 /* ColorExtension.swift */,
			);
			path = Extensions;
			sourceTree = "<group>";
		};
		51179F2B2C43D77600A3B773 /* UserCell */ = {
			isa = PBXGroup;
			children = (
				D2AA5AD4271049BE00D9E059 /* UserCell.swift */,
				D2AA5AD5271049BE00D9E059 /* UserCell.xib */,
			);
			path = UserCell;
			sourceTree = "<group>";
		};
		51179F302C43DAA600A3B773 /* SwiftUI */ = {
			isa = PBXGroup;
			children = (
				513AC3152D65C8B3006F6EF8 /* RandomUser */,
				513AC3042D63157C006F6EF8 /* ToDoListView */,
				51179F312C43DAB000A3B773 /* CircleIndicator.swift */,
				513AC3132D6346DA006F6EF8 /* RandomUserSwiftUIView.swift */,
				513AC3182D76A1B5006F6EF8 /* CellModifier.swift */,
				513AC31A2D76A1DE006F6EF8 /* CustomNavigationView.swift */,
			);
			path = SwiftUI;
			sourceTree = "<group>";
		};
		5131BE072D50AE9B00B60B3F /* SideMenu */ = {
			isa = PBXGroup;
			children = (
				5131BE082D50AEB100B60B3F /* SideMenuModel.swift */,
			);
			path = SideMenu;
			sourceTree = "<group>";
		};
		5135CF772D5F19390062E2C0 /* BezierCurvesView */ = {
			isa = PBXGroup;
			children = (
				5135CF782D5F19520062E2C0 /* BezierCurvesView.swift */,
				5135CF7A2D5F19590062E2C0 /* BezierCurvesView.xib */,
			);
			path = BezierCurvesView;
			sourceTree = "<group>";
		};
		513AC3042D63157C006F6EF8 /* ToDoListView */ = {
			isa = PBXGroup;
			children = (
				513AC3052D631590006F6EF8 /* ToDoListView.swift */,
			);
			path = ToDoListView;
			sourceTree = "<group>";
		};
		513AC3152D65C8B3006F6EF8 /* RandomUser */ = {
			isa = PBXGroup;
			children = (
				513AC3162D65C8D2006F6EF8 /* RandomUserSwiftUICellView.swift */,
			);
			path = RandomUser;
			sourceTree = "<group>";
		};
		513F8B012C43E69C00AB14D7 /* UserDetailView */ = {
			isa = PBXGroup;
			children = (
				513F8AFD2C43E68F00AB14D7 /* UserDetailView.swift */,
				5102D88A2C43E6DE0016E5B1 /* UserDetailView.xib */,
			);
			path = UserDetailView;
			sourceTree = "<group>";
		};
		5147B4202D360D70007A9C82 /* RandomUserSideMenuView */ = {
			isa = PBXGroup;
			children = (
				5147B4252D360DB6007A9C82 /* RandomUserSideMenuView.swift */,
				5147B42B2D3616BC007A9C82 /* RandomUserSideMenuView.xib */,
			);
			path = RandomUserSideMenuView;
			sourceTree = "<group>";
		};
		D29EF552274B996C009AFA0D /* ViewModel */ = {
			isa = PBXGroup;
			children = (
				5111BB1D2D53437000041296 /* ChatRoom */,
				D29EF553274B999E009AFA0D /* RandomUserViewModel.swift */,
				5131BE052D50980F00B60B3F /* RandomUserSideMenuViewModel.swift */,
				513AC3092D6315EA006F6EF8 /* TodoViewModel.swift */,
				513AC30D2D63433B006F6EF8 /* SwiftUIRandomUserViewModel.swift */,
			);
			path = ViewModel;
			sourceTree = "<group>";
		};
		D2AA5A83270FF26B00D9E059 = {
			isa = PBXGroup;
			children = (
				D2AA5A8E270FF26B00D9E059 /* SwiftCombine */,
				D2AA5AA5270FF26C00D9E059 /* SwiftCombineTests */,
				D2AA5AB0270FF26C00D9E059 /* SwiftCombineUITests */,
				D2AA5A8D270FF26B00D9E059 /* Products */,
			);
			sourceTree = "<group>";
		};
		D2AA5A8D270FF26B00D9E059 /* Products */ = {
			isa = PBXGroup;
			children = (
				D2AA5A8C270FF26B00D9E059 /* SwiftCombine.app */,
				D2AA5AA2270FF26C00D9E059 /* SwiftCombineTests.xctest */,
				D2AA5AAD270FF26C00D9E059 /* SwiftCombineUITests.xctest */,
			);
			name = Products;
			sourceTree = "<group>";
		};
		D2AA5A8E270FF26B00D9E059 /* SwiftCombine */ = {
			isa = PBXGroup;
			children = (
				51179F282C43D6A700A3B773 /* Extensions */,
				D2AA5ABF270FF2BC00D9E059 /* Helper */,
				D2AA5ACA27103A7B00D9E059 /* Models */,
				D2AA5AD32710499E00D9E059 /* Views */,
				D29EF552274B996C009AFA0D /* ViewModel */,
				51179F232C43BCB100A3B773 /* ViewControllers */,
				D2AA5A8F270FF26B00D9E059 /* AppDelegate.swift */,
				D2AA5A91270FF26B00D9E059 /* SceneDelegate.swift */,
				D2AA5A95270FF26B00D9E059 /* Main.storyboard */,
				D2AA5A98270FF26C00D9E059 /* Assets.xcassets */,
				D2AA5A9A270FF26C00D9E059 /* LaunchScreen.storyboard */,
				D2AA5A9D270FF26C00D9E059 /* Info.plist */,
			);
			path = SwiftCombine;
			sourceTree = "<group>";
		};
		D2AA5AA5270FF26C00D9E059 /* SwiftCombineTests */ = {
			isa = PBXGroup;
			children = (
				D2AA5AA6270FF26C00D9E059 /* SwiftCombineTests.swift */,
				D2AA5AA8270FF26C00D9E059 /* Info.plist */,
			);
			path = SwiftCombineTests;
			sourceTree = "<group>";
		};
		D2AA5AB0270FF26C00D9E059 /* SwiftCombineUITests */ = {
			isa = PBXGroup;
			children = (
				D2AA5AB1270FF26C00D9E059 /* SwiftCombineUITests.swift */,
				D2AA5AB3270FF26C00D9E059 /* Info.plist */,
			);
			path = SwiftCombineUITests;
			sourceTree = "<group>";
		};
		D2AA5ABF270FF2BC00D9E059 /* Helper */ = {
			isa = PBXGroup;
			children = (
				51AE7BEA2C4A1AC800EADC17 /* InteractionSubscription.swift */,
				D2AA5AC0270FF2DD00D9E059 /* ApiLoader.swift */,
				D2A09A062715321800C9AD2A /* ImageDownloadHandler.swift */,
				51179F262C43D16600A3B773 /* RandomUserApi.swift */,
				51AE7BEC2C4A2C5C00EADC17 /* MapHelper.swift */,
			);
			path = Helper;
			sourceTree = "<group>";
		};
		D2AA5ACA27103A7B00D9E059 /* Models */ = {
			isa = PBXGroup;
			children = (
				5131BE072D50AE9B00B60B3F /* SideMenu */,
				5102D8A42C43EF520016E5B1 /* RandomUser */,
				D2AA5ACF2710400900D9E059 /* URLTaskDefinition.swift */,
				D29EF555274B9E8D009AFA0D /* Repositery.swift */,
				51179F242C43CF1700A3B773 /* AppError.swift */,
				513AC3002D62D668006F6EF8 /* ChatItem.swift */,
				513AC3072D6315C0006F6EF8 /* TodoItem.swift */,
			);
			path = Models;
			sourceTree = "<group>";
		};
		D2AA5AD32710499E00D9E059 /* Views */ = {
			isa = PBXGroup;
			children = (
				5135CF772D5F19390062E2C0 /* BezierCurvesView */,
				5111BB182D53389700041296 /* ChatRoomView */,
				5147B4202D360D70007A9C82 /* RandomUserSideMenuView */,
				510AADC22C44E76C00DACF34 /* RandomUserListView */,
				513F8B012C43E69C00AB14D7 /* UserDetailView */,
				51179F302C43DAA600A3B773 /* SwiftUI */,
				51179F2B2C43D77600A3B773 /* UserCell */,
			);
			path = Views;
			sourceTree = "<group>";
		};
/* End PBXGroup section */

/* Begin PBXNativeTarget section */
		D2AA5A8B270FF26B00D9E059 /* SwiftCombine */ = {
			isa = PBXNativeTarget;
			buildConfigurationList = D2AA5AB6270FF26C00D9E059 /* Build configuration list for PBXNativeTarget "SwiftCombine" */;
			buildPhases = (
				D2AA5A88270FF26B00D9E059 /* Sources */,
				D2AA5A89270FF26B00D9E059 /* Frameworks */,
				D2AA5A8A270FF26B00D9E059 /* Resources */,
			);
			buildRules = (
			);
			dependencies = (
			);
			name = SwiftCombine;
			productName = SwiftCombine;
			productReference = D2AA5A8C270FF26B00D9E059 /* SwiftCombine.app */;
			productType = "com.apple.product-type.application";
		};
		D2AA5AA1270FF26C00D9E059 /* SwiftCombineTests */ = {
			isa = PBXNativeTarget;
			buildConfigurationList = D2AA5AB9270FF26C00D9E059 /* Build configuration list for PBXNativeTarget "SwiftCombineTests" */;
			buildPhases = (
				D2AA5A9E270FF26C00D9E059 /* Sources */,
				D2AA5A9F270FF26C00D9E059 /* Frameworks */,
				D2AA5AA0270FF26C00D9E059 /* Resources */,
			);
			buildRules = (
			);
			dependencies = (
				D2AA5AA4270FF26C00D9E059 /* PBXTargetDependency */,
			);
			name = SwiftCombineTests;
			productName = SwiftCombineTests;
			productReference = D2AA5AA2270FF26C00D9E059 /* SwiftCombineTests.xctest */;
			productType = "com.apple.product-type.bundle.unit-test";
		};
		D2AA5AAC270FF26C00D9E059 /* SwiftCombineUITests */ = {
			isa = PBXNativeTarget;
			buildConfigurationList = D2AA5ABC270FF26C00D9E059 /* Build configuration list for PBXNativeTarget "SwiftCombineUITests" */;
			buildPhases = (
				D2AA5AA9270FF26C00D9E059 /* Sources */,
				D2AA5AAA270FF26C00D9E059 /* Frameworks */,
				D2AA5AAB270FF26C00D9E059 /* Resources */,
			);
			buildRules = (
			);
			dependencies = (
				D2AA5AAF270FF26C00D9E059 /* PBXTargetDependency */,
			);
			name = SwiftCombineUITests;
			productName = SwiftCombineUITests;
			productReference = D2AA5AAD270FF26C00D9E059 /* SwiftCombineUITests.xctest */;
			productType = "com.apple.product-type.bundle.ui-testing";
		};
/* End PBXNativeTarget section */

/* Begin PBXProject section */
		D2AA5A84270FF26B00D9E059 /* Project object */ = {
			isa = PBXProject;
			attributes = {
				LastSwiftUpdateCheck = 1250;
				LastUpgradeCheck = 1250;
				TargetAttributes = {
					D2AA5A8B270FF26B00D9E059 = {
						CreatedOnToolsVersion = 12.5;
					};
					D2AA5AA1270FF26C00D9E059 = {
						CreatedOnToolsVersion = 12.5;
						TestTargetID = D2AA5A8B270FF26B00D9E059;
					};
					D2AA5AAC270FF26C00D9E059 = {
						CreatedOnToolsVersion = 12.5;
						TestTargetID = D2AA5A8B270FF26B00D9E059;
					};
				};
			};
			buildConfigurationList = D2AA5A87270FF26B00D9E059 /* Build configuration list for PBXProject "SwiftCombine" */;
			compatibilityVersion = "Xcode 9.3";
			developmentRegion = en;
			hasScannedForEncodings = 0;
			knownRegions = (
				en,
				Base,
			);
			mainGroup = D2AA5A83270FF26B00D9E059;
			productRefGroup = D2AA5A8D270FF26B00D9E059 /* Products */;
			projectDirPath = "";
			projectRoot = "";
			targets = (
				D2AA5A8B270FF26B00D9E059 /* SwiftCombine */,
				D2AA5AA1270FF26C00D9E059 /* SwiftCombineTests */,
				D2AA5AAC270FF26C00D9E059 /* SwiftCombineUITests */,
			);
		};
/* End PBXProject section */

/* Begin PBXResourcesBuildPhase section */
		D2AA5A8A270FF26B00D9E059 /* Resources */ = {
			isa = PBXResourcesBuildPhase;
			buildActionMask = 2147483647;
			files = (
				D2AA5AD7271049BE00D9E059 /* UserCell.xib in Resources */,
				5111BB1C2D533A8300041296 /* ChatRoomView.xib in Resources */,
				5102D88B2C43E6DE0016E5B1 /* UserDetailView.xib in Resources */,
				5147B42C2D3616BC007A9C82 /* RandomUserSideMenuView.xib in Resources */,
				5135CF7B2D5F19590062E2C0 /* BezierCurvesView.xib in Resources */,
				510AADC62C44E78800DACF34 /* RandomUserListView.xib in Resources */,
				D2AA5A9C270FF26C00D9E059 /* LaunchScreen.storyboard in Resources */,
				D2AA5A99270FF26C00D9E059 /* Assets.xcassets in Resources */,
				D2AA5A97270FF26B00D9E059 /* Main.storyboard in Resources */,
			);
			runOnlyForDeploymentPostprocessing = 0;
		};
		D2AA5AA0270FF26C00D9E059 /* Resources */ = {
			isa = PBXResourcesBuildPhase;
			buildActionMask = 2147483647;
			files = (
			);
			runOnlyForDeploymentPostprocessing = 0;
		};
		D2AA5AAB270FF26C00D9E059 /* Resources */ = {
			isa = PBXResourcesBuildPhase;
			buildActionMask = 2147483647;
			files = (
			);
			runOnlyForDeploymentPostprocessing = 0;
		};
/* End PBXResourcesBuildPhase section */

/* Begin PBXSourcesBuildPhase section */
		D2AA5A88270FF26B00D9E059 /* Sources */ = {
			isa = PBXSourcesBuildPhase;
			buildActionMask = 2147483647;
			files = (
				513AC3012D62D668006F6EF8 /* ChatItem.swift in Sources */,
				51CDDC252C4919C0005FFFCC /* UIViewExtension.swift in Sources */,
				D2AA5ACE27103BFE00D9E059 /* RandomUser.swift in Sources */,
				5135CF762D5EE7AF0062E2C0 /* BezierCurvesViewController.swift in Sources */,
				513AC3192D76A1B5006F6EF8 /* CellModifier.swift in Sources */,
				5102D89B2C43EEDB0016E5B1 /* Registered.swift in Sources */,
				5111BB1F2D53438300041296 /* ChatRoomViewModel.swift in Sources */,
				513AC3122D6346B0006F6EF8 /* ColorExtension.swift in Sources */,
				513AC3082D6315C0006F6EF8 /* TodoItem.swift in Sources */,
				D29EF556274B9E8D009AFA0D /* Repositery.swift in Sources */,
				51CDDC272C491BF2005FFFCC /* BaseViewController.swift in Sources */,
				D2A09A072715321800C9AD2A /* ImageDownloadHandler.swift in Sources */,
				5102D8992C43EEC60016E5B1 /* Dob.swift in Sources */,
				5102D8952C43EE9B0016E5B1 /* UserTimezone.swift in Sources */,
				5102D8972C43EEB70016E5B1 /* UserLoginData.swift in Sources */,
				5102D88F2C43EE450016E5B1 /* UserLocation.swift in Sources */,
				D2AA5A94270FF26B00D9E059 /* RandomUserListViewController.swift in Sources */,
				513AC3142D6346DA006F6EF8 /* RandomUserSwiftUIView.swift in Sources */,
				5102D88D2C43EE230016E5B1 /* UserName.swift in Sources */,
				5102D8932C43EE850016E5B1 /* UserCoordinates.swift in Sources */,
				513AC3172D65C8D2006F6EF8 /* RandomUserSwiftUICellView.swift in Sources */,
				513AC3102D63468D006F6EF8 /* RandomUserSwiftUIVersionViewController.swift in Sources */,
				51179F252C43CF1700A3B773 /* AppError.swift in Sources */,
				D2AA5AD02710400900D9E059 /* URLTaskDefinition.swift in Sources */,
				5102D8912C43EE6C0016E5B1 /* UserStreet.swift in Sources */,
				D2AA5AC1270FF2DD00D9E059 /* ApiLoader.swift in Sources */,
				5102D89F2C43EF0E0016E5B1 /* UserPicture.swift in Sources */,
				5147B42E2D361945007A9C82 /* RandomUserSideMenuViewController.swift in Sources */,
				5147B4262D360DB6007A9C82 /* RandomUserSideMenuView.swift in Sources */,
				D2AA5A90270FF26B00D9E059 /* AppDelegate.swift in Sources */,
				51179F322C43DAB000A3B773 /* CircleIndicator.swift in Sources */,
				5131BE062D50980F00B60B3F /* RandomUserSideMenuViewModel.swift in Sources */,
				5111BB1A2D5338BB00041296 /* ChatRoomView.swift in Sources */,
				5111BB172D53387100041296 /* ChatRoomViewController.swift in Sources */,
				D2AA5AD2271041FB00D9E059 /* RandomUserRoute.swift in Sources */,
				D29EF554274B999E009AFA0D /* RandomUserViewModel.swift in Sources */,
				513AC30A2D6315EA006F6EF8 /* TodoViewModel.swift in Sources */,
				5131BE092D50AEB100B60B3F /* SideMenuModel.swift in Sources */,
				513AC3032D62D6DD006F6EF8 /* DateExtension.swift in Sources */,
				5102D89D2C43EEF80016E5B1 /* UserId.swift in Sources */,
				D2AA5A92270FF26B00D9E059 /* SceneDelegate.swift in Sources */,
				513F8AFE2C43E68F00AB14D7 /* UserDetailView.swift in Sources */,
				513AC30E2D63433B006F6EF8 /* SwiftUIRandomUserViewModel.swift in Sources */,
				5135CF792D5F19520062E2C0 /* BezierCurvesView.swift in Sources */,
				5102D8A32C43EF410016E5B1 /* RandmoUserList.swift in Sources */,
				51AE7BED2C4A2C5C00EADC17 /* MapHelper.swift in Sources */,
				513AC30C2D631DC1006F6EF8 /* ToDoListViewController.swift in Sources */,
				51179F2A2C43D6B700A3B773 /* ArrayExtension.swift in Sources */,
				513AC3062D631590006F6EF8 /* ToDoListView.swift in Sources */,
				D2AA5AD6271049BE00D9E059 /* UserCell.swift in Sources */,
				510AADC42C44E77F00DACF34 /* RandomUserListView.swift in Sources */,
				51AE7BEB2C4A1AC900EADC17 /* InteractionSubscription.swift in Sources */,
				513AC31B2D76A1DE006F6EF8 /* CustomNavigationView.swift in Sources */,
				5102D8A12C43EF2D0016E5B1 /* UserInfo.swift in Sources */,
				51179F272C43D16600A3B773 /* RandomUserApi.swift in Sources */,
			);
			runOnlyForDeploymentPostprocessing = 0;
		};
		D2AA5A9E270FF26C00D9E059 /* Sources */ = {
			isa = PBXSourcesBuildPhase;
			buildActionMask = 2147483647;
			files = (
				D2AA5AA7270FF26C00D9E059 /* SwiftCombineTests.swift in Sources */,
			);
			runOnlyForDeploymentPostprocessing = 0;
		};
		D2AA5AA9270FF26C00D9E059 /* Sources */ = {
			isa = PBXSourcesBuildPhase;
			buildActionMask = 2147483647;
			files = (
				D2AA5AB2270FF26C00D9E059 /* SwiftCombineUITests.swift in Sources */,
			);
			runOnlyForDeploymentPostprocessing = 0;
		};
/* End PBXSourcesBuildPhase section */

/* Begin PBXTargetDependency section */
		D2AA5AA4270FF26C00D9E059 /* PBXTargetDependency */ = {
			isa = PBXTargetDependency;
			target = D2AA5A8B270FF26B00D9E059 /* SwiftCombine */;
			targetProxy = D2AA5AA3270FF26C00D9E059 /* PBXContainerItemProxy */;
		};
		D2AA5AAF270FF26C00D9E059 /* PBXTargetDependency */ = {
			isa = PBXTargetDependency;
			target = D2AA5A8B270FF26B00D9E059 /* SwiftCombine */;
			targetProxy = D2AA5AAE270FF26C00D9E059 /* PBXContainerItemProxy */;
		};
/* End PBXTargetDependency section */

/* Begin PBXVariantGroup section */
		D2AA5A95270FF26B00D9E059 /* Main.storyboard */ = {
			isa = PBXVariantGroup;
			children = (
				D2AA5A96270FF26B00D9E059 /* Base */,
			);
			name = Main.storyboard;
			sourceTree = "<group>";
		};
		D2AA5A9A270FF26C00D9E059 /* LaunchScreen.storyboard */ = {
			isa = PBXVariantGroup;
			children = (
				D2AA5A9B270FF26C00D9E059 /* Base */,
			);
			name = LaunchScreen.storyboard;
			sourceTree = "<group>";
		};
/* End PBXVariantGroup section */

/* Begin XCBuildConfiguration section */
		D2AA5AB4270FF26C00D9E059 /* Debug */ = {
			isa = XCBuildConfiguration;
			buildSettings = {
				ALWAYS_SEARCH_USER_PATHS = NO;
				CLANG_ANALYZER_NONNULL = YES;
				CLANG_ANALYZER_NUMBER_OBJECT_CONVERSION = YES_AGGRESSIVE;
				CLANG_CXX_LANGUAGE_STANDARD = "gnu++14";
				CLANG_CXX_LIBRARY = "libc++";
				CLANG_ENABLE_MODULES = YES;
				CLANG_ENABLE_OBJC_ARC = YES;
				CLANG_ENABLE_OBJC_WEAK = YES;
				CLANG_WARN_BLOCK_CAPTURE_AUTORELEASING = YES;
				CLANG_WARN_BOOL_CONVERSION = YES;
				CLANG_WARN_COMMA = YES;
				CLANG_WARN_CONSTANT_CONVERSION = YES;
				CLANG_WARN_DEPRECATED_OBJC_IMPLEMENTATIONS = YES;
				CLANG_WARN_DIRECT_OBJC_ISA_USAGE = YES_ERROR;
				CLANG_WARN_DOCUMENTATION_COMMENTS = YES;
				CLANG_WARN_EMPTY_BODY = YES;
				CLANG_WARN_ENUM_CONVERSION = YES;
				CLANG_WARN_INFINITE_RECURSION = YES;
				CLANG_WARN_INT_CONVERSION = YES;
				CLANG_WARN_NON_LITERAL_NULL_CONVERSION = YES;
				CLANG_WARN_OBJC_IMPLICIT_RETAIN_SELF = YES;
				CLANG_WARN_OBJC_LITERAL_CONVERSION = YES;
				CLANG_WARN_OBJC_ROOT_CLASS = YES_ERROR;
				CLANG_WARN_QUOTED_INCLUDE_IN_FRAMEWORK_HEADER = YES;
				CLANG_WARN_RANGE_LOOP_ANALYSIS = YES;
				CLANG_WARN_STRICT_PROTOTYPES = YES;
				CLANG_WARN_SUSPICIOUS_MOVE = YES;
				CLANG_WARN_UNGUARDED_AVAILABILITY = YES_AGGRESSIVE;
				CLANG_WARN_UNREACHABLE_CODE = YES;
				CLANG_WARN__DUPLICATE_METHOD_MATCH = YES;
				COPY_PHASE_STRIP = NO;
				DEBUG_INFORMATION_FORMAT = dwarf;
				ENABLE_STRICT_OBJC_MSGSEND = YES;
				ENABLE_TESTABILITY = YES;
				GCC_C_LANGUAGE_STANDARD = gnu11;
				GCC_DYNAMIC_NO_PIC = NO;
				GCC_NO_COMMON_BLOCKS = YES;
				GCC_OPTIMIZATION_LEVEL = 0;
				GCC_PREPROCESSOR_DEFINITIONS = (
					"DEBUG=1",
					"$(inherited)",
				);
				GCC_WARN_64_TO_32_BIT_CONVERSION = YES;
				GCC_WARN_ABOUT_RETURN_TYPE = YES_ERROR;
				GCC_WARN_UNDECLARED_SELECTOR = YES;
				GCC_WARN_UNINITIALIZED_AUTOS = YES_AGGRESSIVE;
				GCC_WARN_UNUSED_FUNCTION = YES;
				GCC_WARN_UNUSED_VARIABLE = YES;
				IPHONEOS_DEPLOYMENT_TARGET = 14.5;
				MTL_ENABLE_DEBUG_INFO = INCLUDE_SOURCE;
				MTL_FAST_MATH = YES;
				ONLY_ACTIVE_ARCH = YES;
				SDKROOT = iphoneos;
				SWIFT_ACTIVE_COMPILATION_CONDITIONS = DEBUG;
				SWIFT_OPTIMIZATION_LEVEL = "-Onone";
			};
			name = Debug;
		};
		D2AA5AB5270FF26C00D9E059 /* Release */ = {
			isa = XCBuildConfiguration;
			buildSettings = {
				ALWAYS_SEARCH_USER_PATHS = NO;
				CLANG_ANALYZER_NONNULL = YES;
				CLANG_ANALYZER_NUMBER_OBJECT_CONVERSION = YES_AGGRESSIVE;
				CLANG_CXX_LANGUAGE_STANDARD = "gnu++14";
				CLANG_CXX_LIBRARY = "libc++";
				CLANG_ENABLE_MODULES = YES;
				CLANG_ENABLE_OBJC_ARC = YES;
				CLANG_ENABLE_OBJC_WEAK = YES;
				CLANG_WARN_BLOCK_CAPTURE_AUTORELEASING = YES;
				CLANG_WARN_BOOL_CONVERSION = YES;
				CLANG_WARN_COMMA = YES;
				CLANG_WARN_CONSTANT_CONVERSION = YES;
				CLANG_WARN_DEPRECATED_OBJC_IMPLEMENTATIONS = YES;
				CLANG_WARN_DIRECT_OBJC_ISA_USAGE = YES_ERROR;
				CLANG_WARN_DOCUMENTATION_COMMENTS = YES;
				CLANG_WARN_EMPTY_BODY = YES;
				CLANG_WARN_ENUM_CONVERSION = YES;
				CLANG_WARN_INFINITE_RECURSION = YES;
				CLANG_WARN_INT_CONVERSION = YES;
				CLANG_WARN_NON_LITERAL_NULL_CONVERSION = YES;
				CLANG_WARN_OBJC_IMPLICIT_RETAIN_SELF = YES;
				CLANG_WARN_OBJC_LITERAL_CONVERSION = YES;
				CLANG_WARN_OBJC_ROOT_CLASS = YES_ERROR;
				CLANG_WARN_QUOTED_INCLUDE_IN_FRAMEWORK_HEADER = YES;
				CLANG_WARN_RANGE_LOOP_ANALYSIS = YES;
				CLANG_WARN_STRICT_PROTOTYPES = YES;
				CLANG_WARN_SUSPICIOUS_MOVE = YES;
				CLANG_WARN_UNGUARDED_AVAILABILITY = YES_AGGRESSIVE;
				CLANG_WARN_UNREACHABLE_CODE = YES;
				CLANG_WARN__DUPLICATE_METHOD_MATCH = YES;
				COPY_PHASE_STRIP = NO;
				DEBUG_INFORMATION_FORMAT = "dwarf-with-dsym";
				ENABLE_NS_ASSERTIONS = NO;
				ENABLE_STRICT_OBJC_MSGSEND = YES;
				GCC_C_LANGUAGE_STANDARD = gnu11;
				GCC_NO_COMMON_BLOCKS = YES;
				GCC_WARN_64_TO_32_BIT_CONVERSION = YES;
				GCC_WARN_ABOUT_RETURN_TYPE = YES_ERROR;
				GCC_WARN_UNDECLARED_SELECTOR = YES;
				GCC_WARN_UNINITIALIZED_AUTOS = YES_AGGRESSIVE;
				GCC_WARN_UNUSED_FUNCTION = YES;
				GCC_WARN_UNUSED_VARIABLE = YES;
				IPHONEOS_DEPLOYMENT_TARGET = 14.5;
				MTL_ENABLE_DEBUG_INFO = NO;
				MTL_FAST_MATH = YES;
				SDKROOT = iphoneos;
				SWIFT_COMPILATION_MODE = wholemodule;
				SWIFT_OPTIMIZATION_LEVEL = "-O";
				VALIDATE_PRODUCT = YES;
			};
			name = Release;
		};
		D2AA5AB7270FF26C00D9E059 /* Debug */ = {
			isa = XCBuildConfiguration;
			buildSettings = {
				ASSETCATALOG_COMPILER_APPICON_NAME = AppIcon;
				ASSETCATALOG_COMPILER_GLOBAL_ACCENT_COLOR_NAME = AccentColor;
				CODE_SIGN_STYLE = Automatic;
				DEVELOPMENT_TEAM = EZ8T585853;
				INFOPLIST_FILE = SwiftCombine/Info.plist;
				IPHONEOS_DEPLOYMENT_TARGET = 16.0;
				LD_RUNPATH_SEARCH_PATHS = (
					"$(inherited)",
					"@executable_path/Frameworks",
				);
				PRODUCT_BUNDLE_IDENTIFIER = com.rex.SwiftCombine;
				PRODUCT_NAME = "$(TARGET_NAME)";
				SWIFT_VERSION = 5.0;
				TARGETED_DEVICE_FAMILY = "1,2";
			};
			name = Debug;
		};
		D2AA5AB8270FF26C00D9E059 /* Release */ = {
			isa = XCBuildConfiguration;
			buildSettings = {
				ASSETCATALOG_COMPILER_APPICON_NAME = AppIcon;
				ASSETCATALOG_COMPILER_GLOBAL_ACCENT_COLOR_NAME = AccentColor;
				CODE_SIGN_STYLE = Automatic;
				DEVELOPMENT_TEAM = EZ8T585853;
				INFOPLIST_FILE = SwiftCombine/Info.plist;
				IPHONEOS_DEPLOYMENT_TARGET = 16.0;
				LD_RUNPATH_SEARCH_PATHS = (
					"$(inherited)",
					"@executable_path/Frameworks",
				);
				PRODUCT_BUNDLE_IDENTIFIER = com.rex.SwiftCombine;
				PRODUCT_NAME = "$(TARGET_NAME)";
				SWIFT_VERSION = 5.0;
				TARGETED_DEVICE_FAMILY = "1,2";
			};
			name = Release;
		};
		D2AA5ABA270FF26C00D9E059 /* Debug */ = {
			isa = XCBuildConfiguration;
			buildSettings = {
				ALWAYS_EMBED_SWIFT_STANDARD_LIBRARIES = YES;
				BUNDLE_LOADER = "$(TEST_HOST)";
				CODE_SIGN_STYLE = Automatic;
				DEVELOPMENT_TEAM = 2GAVNWV97R;
				INFOPLIST_FILE = SwiftCombineTests/Info.plist;
				IPHONEOS_DEPLOYMENT_TARGET = 14.5;
				LD_RUNPATH_SEARCH_PATHS = (
					"$(inherited)",
					"@executable_path/Frameworks",
					"@loader_path/Frameworks",
				);
				PRODUCT_BUNDLE_IDENTIFIER = com.rex.SwiftCombineTests;
				PRODUCT_NAME = "$(TARGET_NAME)";
				SWIFT_VERSION = 5.0;
				TARGETED_DEVICE_FAMILY = "1,2";
				TEST_HOST = "$(BUILT_PRODUCTS_DIR)/SwiftCombine.app/SwiftCombine";
			};
			name = Debug;
		};
		D2AA5ABB270FF26C00D9E059 /* Release */ = {
			isa = XCBuildConfiguration;
			buildSettings = {
				ALWAYS_EMBED_SWIFT_STANDARD_LIBRARIES = YES;
				BUNDLE_LOADER = "$(TEST_HOST)";
				CODE_SIGN_STYLE = Automatic;
				DEVELOPMENT_TEAM = 2GAVNWV97R;
				INFOPLIST_FILE = SwiftCombineTests/Info.plist;
				IPHONEOS_DEPLOYMENT_TARGET = 14.5;
				LD_RUNPATH_SEARCH_PATHS = (
					"$(inherited)",
					"@executable_path/Frameworks",
					"@loader_path/Frameworks",
				);
				PRODUCT_BUNDLE_IDENTIFIER = com.rex.SwiftCombineTests;
				PRODUCT_NAME = "$(TARGET_NAME)";
				SWIFT_VERSION = 5.0;
				TARGETED_DEVICE_FAMILY = "1,2";
				TEST_HOST = "$(BUILT_PRODUCTS_DIR)/SwiftCombine.app/SwiftCombine";
			};
			name = Release;
		};
		D2AA5ABD270FF26C00D9E059 /* Debug */ = {
			isa = XCBuildConfiguration;
			buildSettings = {
				ALWAYS_EMBED_SWIFT_STANDARD_LIBRARIES = YES;
				CODE_SIGN_STYLE = Automatic;
				DEVELOPMENT_TEAM = 2GAVNWV97R;
				INFOPLIST_FILE = SwiftCombineUITests/Info.plist;
				LD_RUNPATH_SEARCH_PATHS = (
					"$(inherited)",
					"@executable_path/Frameworks",
					"@loader_path/Frameworks",
				);
				PRODUCT_BUNDLE_IDENTIFIER = com.rex.SwiftCombineUITests;
				PRODUCT_NAME = "$(TARGET_NAME)";
				SWIFT_VERSION = 5.0;
				TARGETED_DEVICE_FAMILY = "1,2";
				TEST_TARGET_NAME = SwiftCombine;
			};
			name = Debug;
		};
		D2AA5ABE270FF26C00D9E059 /* Release */ = {
			isa = XCBuildConfiguration;
			buildSettings = {
				ALWAYS_EMBED_SWIFT_STANDARD_LIBRARIES = YES;
				CODE_SIGN_STYLE = Automatic;
				DEVELOPMENT_TEAM = 2GAVNWV97R;
				INFOPLIST_FILE = SwiftCombineUITests/Info.plist;
				LD_RUNPATH_SEARCH_PATHS = (
					"$(inherited)",
					"@executable_path/Frameworks",
					"@loader_path/Frameworks",
				);
				PRODUCT_BUNDLE_IDENTIFIER = com.rex.SwiftCombineUITests;
				PRODUCT_NAME = "$(TARGET_NAME)";
				SWIFT_VERSION = 5.0;
				TARGETED_DEVICE_FAMILY = "1,2";
				TEST_TARGET_NAME = SwiftCombine;
			};
			name = Release;
		};
/* End XCBuildConfiguration section */

/* Begin XCConfigurationList section */
		D2AA5A87270FF26B00D9E059 /* Build configuration list for PBXProject "SwiftCombine" */ = {
			isa = XCConfigurationList;
			buildConfigurations = (
				D2AA5AB4270FF26C00D9E059 /* Debug */,
				D2AA5AB5270FF26C00D9E059 /* Release */,
			);
			defaultConfigurationIsVisible = 0;
			defaultConfigurationName = Release;
		};
		D2AA5AB6270FF26C00D9E059 /* Build configuration list for PBXNativeTarget "SwiftCombine" */ = {
			isa = XCConfigurationList;
			buildConfigurations = (
				D2AA5AB7270FF26C00D9E059 /* Debug */,
				D2AA5AB8270FF26C00D9E059 /* Release */,
			);
			defaultConfigurationIsVisible = 0;
			defaultConfigurationName = Release;
		};
		D2AA5AB9270FF26C00D9E059 /* Build configuration list for PBXNativeTarget "SwiftCombineTests" */ = {
			isa = XCConfigurationList;
			buildConfigurations = (
				D2AA5ABA270FF26C00D9E059 /* Debug */,
				D2AA5ABB270FF26C00D9E059 /* Release */,
			);
			defaultConfigurationIsVisible = 0;
			defaultConfigurationName = Release;
		};
		D2AA5ABC270FF26C00D9E059 /* Build configuration list for PBXNativeTarget "SwiftCombineUITests" */ = {
			isa = XCConfigurationList;
			buildConfigurations = (
				D2AA5ABD270FF26C00D9E059 /* Debug */,
				D2AA5ABE270FF26C00D9E059 /* Release */,
			);
			defaultConfigurationIsVisible = 0;
			defaultConfigurationName = Release;
		};
/* End XCConfigurationList section */
	};
	rootObject = D2AA5A84270FF26B00D9E059 /* Project object */;
}
